{
  "requires": true,
  "lockfileVersion": 1,
  "dependencies": {
    "jquery": {
      "version": "1.12.0",
      "resolved": "http://mirrors.cloud.tencent.com/npm/jquery/-/jquery-1.12.0.tgz",
      "integrity": "sha512-fnEEC7ylFkIKfOGvEky9Odcth1VYo61dfkQLxlDHjtNoIY9ssxybvTSG5xLDbutWdKn+grAu4EUJfhSUZODktQ=="
    },
    "turn.js": {
      "version": "1.0.5",
      "resolved": "http://mirrors.cloud.tencent.com/npm/turn.js/-/turn.js-1.0.5.tgz",
      "integrity": "sha512-36XRk5f6pm02AaPDEomJwfd7huc5U3SHv/ROBiL+rHBRuh1hkdxuuEwHiMW934lOJAsR+ML6XksPNUgRk1lPTQ==",
      "requires": {
        "jquery": "1.12.0"
      }
    }
  }
}
